
Microsoft Visual Studio Solution File, Format Version 12.00
# Visual Studio 15
VisualStudioVersion = 15.0.28307.136
MinimumVisualStudioVersion = 10.0.40219.1
Project("{FAE04EC0-301F-11D3-BF4B-00C04F79EFBC}") = "JPII_Metody_asynchroniczne", "JPII_Metody_asynchroniczne\JPII_Metody_asynchroniczne.csproj", "{8B38F0D0-B49E-43D8-A9B4-40398F45201D}"
EndProject
Global
	GlobalSection(SolutionConfigurationPlatforms) = preSolution
		Debug|Any CPU = Debug|Any CPU
		Release|Any CPU = Release|Any CPU
	EndGlobalSection
	GlobalSection(ProjectConfigurationPlatforms) = postSolution
		{8B38F0D0-B49E-43D8-A9B4-40398F45201D}.Debug|Any CPU.ActiveCfg = Debug|Any CPU
		{8B38F0D0-B49E-43D8-A9B4-40398F45201D}.Debug|Any CPU.Build.0 = Debug|Any CPU
		{8B38F0D0-B49E-43D8-A9B4-40398F45201D}.Release|Any CPU.ActiveCfg = Release|Any CPU
		{8B38F0D0-B49E-43D8-A9B4-40398F45201D}.Release|Any CPU.Build.0 = Release|Any CPU
	EndGlobalSection
	GlobalSection(SolutionProperties) = preSolution
		HideSolutionNode = FALSE
	EndGlobalSection
	GlobalSection(ExtensibilityGlobals) = postSolution
		SolutionGuid = {6BC3E0F0-FEF4-440F-AA67-2FE258E68750}
	EndGlobalSection
EndGlobal
